
Microsoft Visual Studio Solution File, Format Version 12.00
# Visual Studio 15
VisualStudioVersion = 15.0.28307.572
MinimumVisualStudioVersion = 10.0.40219.1
Project("{2150E333-8FDC-42A3-9474-1A3956D46DE8}") = "Microservices", "Microservices", "{6918DA5A-DB2D-44A4-A023-036807641037}"
EndProject
Project("{2150E333-8FDC-42A3-9474-1A3956D46DE8}") = "Domain", "Domain", "{79694CCA-D37C-40CD-82CC-DE8EF91B8F0F}"
EndProject
Project("{2150E333-8FDC-42A3-9474-1A3956D46DE8}") = "Infra.Bus", "Infra.Bus", "{96D388E0-B9A3-41E6-9917-24671AAAFE1A}"
EndProject
Project("{2150E333-8FDC-42A3-9474-1A3956D46DE8}") = "Infra.IOC", "Infra.IOC", "{5C925C77-09AE-43F2-BDE1-8FA2713F4C62}"
EndProject
Project("{2150E333-8FDC-42A3-9474-1A3956D46DE8}") = "Presentation", "Presentation", "{21628F78-3FDC-4559-91A8-1343EC52FCBE}"
EndProject
Project("{9A19103F-16F7-4668-BE54-9A1E7A4F7556}") = "MicroRabbit.Domain.Core", "MicroRabbit.Domain.Core\MicroRabbit.Domain.Core.csproj", "{29034295-C4C3-448E-BBE4-A74941C363F9}"
EndProject
Project("{9A19103F-16F7-4668-BE54-9A1E7A4F7556}") = "MicroRabbit.Infra.Bus", "MicroRabbit.Infra.Bus\MicroRabbit.Infra.Bus.csproj", "{42A27F71-23AC-44A4-A1DA-BE7C2DA009B5}"
EndProject
Project("{9A19103F-16F7-4668-BE54-9A1E7A4F7556}") = "MicroRabbit.Infra.IoC", "MicroRabbit.Infra.IoC\MicroRabbit.Infra.IoC.csproj", "{A2BBE68C-1B18-4E40-93C5-3A54105744C1}"
EndProject
Project("{2150E333-8FDC-42A3-9474-1A3956D46DE8}") = "Banking", "Banking", "{7832A1B9-94B8-41A4-B12A-E13B117B686C}"
EndProject
Project("{2150E333-8FDC-42A3-9474-1A3956D46DE8}") = "Api", "Api", "{A4F97EC8-E47E-4102-9B87-88CC93B27243}"
EndProject
Project("{2150E333-8FDC-42A3-9474-1A3956D46DE8}") = "Application", "Application", "{1CCED68E-0448-40C8-84BE-58DD875F9A8B}"
EndProject
Project("{2150E333-8FDC-42A3-9474-1A3956D46DE8}") = "Data", "Data", "{461CF0A6-DA43-4F4B-A588-8EB7D2B7E4A7}"
EndProject
Project("{2150E333-8FDC-42A3-9474-1A3956D46DE8}") = "Domain", "Domain", "{E7745852-753D-40D4-9B2E-AF5005C166DF}"
EndProject
Project("{9A19103F-16F7-4668-BE54-9A1E7A4F7556}") = "MicroRabbit.Banking.Api", "MicroRabbit.Banking.Api\MicroRabbit.Banking.Api.csproj", "{96E50CEF-A29D-4734-8373-844EB70E6EE3}"
EndProject
Project("{9A19103F-16F7-4668-BE54-9A1E7A4F7556}") = "MicroRabbit.Banking.Application", "MicroRabbit.Banking.Application\MicroRabbit.Banking.Application.csproj", "{F99C92E4-C5CA-46BA-A2A3-0F1B3730DE19}"
EndProject
Project("{9A19103F-16F7-4668-BE54-9A1E7A4F7556}") = "MicroRabbit.Banking.Data", "MicroRabbit.Banking.Data\MicroRabbit.Banking.Data.csproj", "{440E3DE3-117A-4998-A9C7-57D604055B11}"
EndProject
Project("{9A19103F-16F7-4668-BE54-9A1E7A4F7556}") = "MicroRabbit.Banking.Domain", "MicroRabbit.Banking.Domain\MicroRabbit.Banking.Domain.csproj", "{DD868949-77ED-4CB4-8233-A1CBF29D2458}"
EndProject
Project("{2150E333-8FDC-42A3-9474-1A3956D46DE8}") = "Transfer", "Transfer", "{2FD6011A-94BD-45C4-A963-35840616CBC0}"
EndProject
Project("{2150E333-8FDC-42A3-9474-1A3956D46DE8}") = "Api", "Api", "{005A8489-8584-4773-912D-75C6A38156C9}"
EndProject
Project("{2150E333-8FDC-42A3-9474-1A3956D46DE8}") = "Application", "Application", "{6D41E674-8179-4FAC-8FEC-3400E4808C2C}"
EndProject
Project("{2150E333-8FDC-42A3-9474-1A3956D46DE8}") = "Data", "Data", "{38494F22-10C6-4CDB-94AC-AD522A7FC10F}"
EndProject
Project("{2150E333-8FDC-42A3-9474-1A3956D46DE8}") = "Domain", "Domain", "{C287CDBF-B945-4822-BA78-A8CEA5018E90}"
EndProject
Project("{9A19103F-16F7-4668-BE54-9A1E7A4F7556}") = "Microrabbit.Transfer.Api", "Microrabbit.Transfer.Api\Microrabbit.Transfer.Api.csproj", "{8156AEB3-D858-44DE-97DB-322DF51793AB}"
EndProject
Project("{9A19103F-16F7-4668-BE54-9A1E7A4F7556}") = "Microrabbit.Transfer.Application", "Microrabbit.Transfer.Application\Microrabbit.Transfer.Application.csproj", "{0D4B51E5-78B6-4897-A9DD-83EE9EEEE3F1}"
EndProject
Project("{9A19103F-16F7-4668-BE54-9A1E7A4F7556}") = "Microrabbit.Transfer.Data", "Microrabbit.Transfer.Data\Microrabbit.Transfer.Data.csproj", "{D03370F7-7C7D-43A4-AB2F-2D3015F38851}"
EndProject
Project("{9A19103F-16F7-4668-BE54-9A1E7A4F7556}") = "Microrabbit.Transfer.Domain", "Microrabbit.Transfer.Domain\Microrabbit.Transfer.Domain.csproj", "{AD2A8236-A5E7-4DD5-91C9-3610B7E375EF}"
EndProject
Project("{FAE04EC0-301F-11D3-BF4B-00C04F79EFBC}") = "MicroRabbit.MVC", "MicroRabbit.MVC\MicroRabbit.MVC.csproj", "{CCC57B7E-79B6-4973-8FFB-904586CB7ECA}"
EndProject
Global
	GlobalSection(SolutionConfigurationPlatforms) = preSolution
		Debug|Any CPU = Debug|Any CPU
		Release|Any CPU = Release|Any CPU
	EndGlobalSection
	GlobalSection(ProjectConfigurationPlatforms) = postSolution
		{29034295-C4C3-448E-BBE4-A74941C363F9}.Debug|Any CPU.ActiveCfg = Debug|Any CPU
		{29034295-C4C3-448E-BBE4-A74941C363F9}.Debug|Any CPU.Build.0 = Debug|Any CPU
		{29034295-C4C3-448E-BBE4-A74941C363F9}.Release|Any CPU.ActiveCfg = Release|Any CPU
		{29034295-C4C3-448E-BBE4-A74941C363F9}.Release|Any CPU.Build.0 = Release|Any CPU
		{42A27F71-23AC-44A4-A1DA-BE7C2DA009B5}.Debug|Any CPU.ActiveCfg = Debug|Any CPU
		{42A27F71-23AC-44A4-A1DA-BE7C2DA009B5}.Debug|Any CPU.Build.0 = Debug|Any CPU
		{42A27F71-23AC-44A4-A1DA-BE7C2DA009B5}.Release|Any CPU.ActiveCfg = Release|Any CPU
		{42A27F71-23AC-44A4-A1DA-BE7C2DA009B5}.Release|Any CPU.Build.0 = Release|Any CPU
		{A2BBE68C-1B18-4E40-93C5-3A54105744C1}.Debug|Any CPU.ActiveCfg = Debug|Any CPU
		{A2BBE68C-1B18-4E40-93C5-3A54105744C1}.Debug|Any CPU.Build.0 = Debug|Any CPU
		{A2BBE68C-1B18-4E40-93C5-3A54105744C1}.Release|Any CPU.ActiveCfg = Release|Any CPU
		{A2BBE68C-1B18-4E40-93C5-3A54105744C1}.Release|Any CPU.Build.0 = Release|Any CPU
		{96E50CEF-A29D-4734-8373-844EB70E6EE3}.Debug|Any CPU.ActiveCfg = Debug|Any CPU
		{96E50CEF-A29D-4734-8373-844EB70E6EE3}.Debug|Any CPU.Build.0 = Debug|Any CPU
		{96E50CEF-A29D-4734-8373-844EB70E6EE3}.Release|Any CPU.ActiveCfg = Release|Any CPU
		{96E50CEF-A29D-4734-8373-844EB70E6EE3}.Release|Any CPU.Build.0 = Release|Any CPU
		{F99C92E4-C5CA-46BA-A2A3-0F1B3730DE19}.Debug|Any CPU.ActiveCfg = Debug|Any CPU
		{F99C92E4-C5CA-46BA-A2A3-0F1B3730DE19}.Debug|Any CPU.Build.0 = Debug|Any CPU
		{F99C92E4-C5CA-46BA-A2A3-0F1B3730DE19}.Release|Any CPU.ActiveCfg = Release|Any CPU
		{F99C92E4-C5CA-46BA-A2A3-0F1B3730DE19}.Release|Any CPU.Build.0 = Release|Any CPU
		{440E3DE3-117A-4998-A9C7-57D604055B11}.Debug|Any CPU.ActiveCfg = Debug|Any CPU
		{440E3DE3-117A-4998-A9C7-57D604055B11}.Debug|Any CPU.Build.0 = Debug|Any CPU
		{440E3DE3-117A-4998-A9C7-57D604055B11}.Release|Any CPU.ActiveCfg = Release|Any CPU
		{440E3DE3-117A-4998-A9C7-57D604055B11}.Release|Any CPU.Build.0 = Release|Any CPU
		{DD868949-77ED-4CB4-8233-A1CBF29D2458}.Debug|Any CPU.ActiveCfg = Debug|Any CPU
		{DD868949-77ED-4CB4-8233-A1CBF29D2458}.Debug|Any CPU.Build.0 = Debug|Any CPU
		{DD868949-77ED-4CB4-8233-A1CBF29D2458}.Release|Any CPU.ActiveCfg = Release|Any CPU
		{DD868949-77ED-4CB4-8233-A1CBF29D2458}.Release|Any CPU.Build.0 = Release|Any CPU
		{8156AEB3-D858-44DE-97DB-322DF51793AB}.Debug|Any CPU.ActiveCfg = Debug|Any CPU
		{8156AEB3-D858-44DE-97DB-322DF51793AB}.Debug|Any CPU.Build.0 = Debug|Any CPU
		{8156AEB3-D858-44DE-97DB-322DF51793AB}.Release|Any CPU.ActiveCfg = Release|Any CPU
		{8156AEB3-D858-44DE-97DB-322DF51793AB}.Release|Any CPU.Build.0 = Release|Any CPU
		{0D4B51E5-78B6-4897-A9DD-83EE9EEEE3F1}.Debug|Any CPU.ActiveCfg = Debug|Any CPU
		{0D4B51E5-78B6-4897-A9DD-83EE9EEEE3F1}.Debug|Any CPU.Build.0 = Debug|Any CPU
		{0D4B51E5-78B6-4897-A9DD-83EE9EEEE3F1}.Release|Any CPU.ActiveCfg = Release|Any CPU
		{0D4B51E5-78B6-4897-A9DD-83EE9EEEE3F1}.Release|Any CPU.Build.0 = Release|Any CPU
		{D03370F7-7C7D-43A4-AB2F-2D3015F38851}.Debug|Any CPU.ActiveCfg = Debug|Any CPU
		{D03370F7-7C7D-43A4-AB2F-2D3015F38851}.Debug|Any CPU.Build.0 = Debug|Any CPU
		{D03370F7-7C7D-43A4-AB2F-2D3015F38851}.Release|Any CPU.ActiveCfg = Release|Any CPU
		{D03370F7-7C7D-43A4-AB2F-2D3015F38851}.Release|Any CPU.Build.0 = Release|Any CPU
		{AD2A8236-A5E7-4DD5-91C9-3610B7E375EF}.Debug|Any CPU.ActiveCfg = Debug|Any CPU
		{AD2A8236-A5E7-4DD5-91C9-3610B7E375EF}.Debug|Any CPU.Build.0 = Debug|Any CPU
		{AD2A8236-A5E7-4DD5-91C9-3610B7E375EF}.Release|Any CPU.ActiveCfg = Release|Any CPU
		{AD2A8236-A5E7-4DD5-91C9-3610B7E375EF}.Release|Any CPU.Build.0 = Release|Any CPU
		{CCC57B7E-79B6-4973-8FFB-904586CB7ECA}.Debug|Any CPU.ActiveCfg = Debug|Any CPU
		{CCC57B7E-79B6-4973-8FFB-904586CB7ECA}.Debug|Any CPU.Build.0 = Debug|Any CPU
		{CCC57B7E-79B6-4973-8FFB-904586CB7ECA}.Release|Any CPU.ActiveCfg = Release|Any CPU
		{CCC57B7E-79B6-4973-8FFB-904586CB7ECA}.Release|Any CPU.Build.0 = Release|Any CPU
	EndGlobalSection
	GlobalSection(SolutionProperties) = preSolution
		HideSolutionNode = FALSE
	EndGlobalSection
	GlobalSection(NestedProjects) = preSolution
		{29034295-C4C3-448E-BBE4-A74941C363F9} = {79694CCA-D37C-40CD-82CC-DE8EF91B8F0F}
		{42A27F71-23AC-44A4-A1DA-BE7C2DA009B5} = {96D388E0-B9A3-41E6-9917-24671AAAFE1A}
		{A2BBE68C-1B18-4E40-93C5-3A54105744C1} = {5C925C77-09AE-43F2-BDE1-8FA2713F4C62}
		{7832A1B9-94B8-41A4-B12A-E13B117B686C} = {6918DA5A-DB2D-44A4-A023-036807641037}
		{A4F97EC8-E47E-4102-9B87-88CC93B27243} = {7832A1B9-94B8-41A4-B12A-E13B117B686C}
		{1CCED68E-0448-40C8-84BE-58DD875F9A8B} = {7832A1B9-94B8-41A4-B12A-E13B117B686C}
		{461CF0A6-DA43-4F4B-A588-8EB7D2B7E4A7} = {7832A1B9-94B8-41A4-B12A-E13B117B686C}
		{E7745852-753D-40D4-9B2E-AF5005C166DF} = {7832A1B9-94B8-41A4-B12A-E13B117B686C}
		{96E50CEF-A29D-4734-8373-844EB70E6EE3} = {A4F97EC8-E47E-4102-9B87-88CC93B27243}
		{F99C92E4-C5CA-46BA-A2A3-0F1B3730DE19} = {1CCED68E-0448-40C8-84BE-58DD875F9A8B}
		{440E3DE3-117A-4998-A9C7-57D604055B11} = {461CF0A6-DA43-4F4B-A588-8EB7D2B7E4A7}
		{DD868949-77ED-4CB4-8233-A1CBF29D2458} = {E7745852-753D-40D4-9B2E-AF5005C166DF}
		{2FD6011A-94BD-45C4-A963-35840616CBC0} = {6918DA5A-DB2D-44A4-A023-036807641037}
		{005A8489-8584-4773-912D-75C6A38156C9} = {2FD6011A-94BD-45C4-A963-35840616CBC0}
		{6D41E674-8179-4FAC-8FEC-3400E4808C2C} = {2FD6011A-94BD-45C4-A963-35840616CBC0}
		{38494F22-10C6-4CDB-94AC-AD522A7FC10F} = {2FD6011A-94BD-45C4-A963-35840616CBC0}
		{C287CDBF-B945-4822-BA78-A8CEA5018E90} = {2FD6011A-94BD-45C4-A963-35840616CBC0}
		{8156AEB3-D858-44DE-97DB-322DF51793AB} = {005A8489-8584-4773-912D-75C6A38156C9}
		{0D4B51E5-78B6-4897-A9DD-83EE9EEEE3F1} = {6D41E674-8179-4FAC-8FEC-3400E4808C2C}
		{D03370F7-7C7D-43A4-AB2F-2D3015F38851} = {38494F22-10C6-4CDB-94AC-AD522A7FC10F}
		{AD2A8236-A5E7-4DD5-91C9-3610B7E375EF} = {C287CDBF-B945-4822-BA78-A8CEA5018E90}
		{CCC57B7E-79B6-4973-8FFB-904586CB7ECA} = {21628F78-3FDC-4559-91A8-1343EC52FCBE}
	EndGlobalSection
	GlobalSection(ExtensibilityGlobals) = postSolution
		SolutionGuid = {BCB58BED-8988-4CAE-B074-2AA797CC9E06}
	EndGlobalSection
EndGlobal
