
Microsoft Visual Studio Solution File, Format Version 12.00
# Visual Studio 15
VisualStudioVersion = 15.0.28307.572
MinimumVisualStudioVersion = 10.0.40219.1
Project("{2150E333-8FDC-42A3-9474-1A3956D46DE8}") = "Microservices", "Microservices", "{6918DA5A-DB2D-44A4-A023-036807641037}"
EndProject
Project("{2150E333-8FDC-42A3-9474-1A3956D46DE8}") = "Domain", "Domain", "{79694CCA-D37C-40CD-82CC-DE8EF91B8F0F}"
EndProject
Project("{2150E333-8FDC-42A3-9474-1A3956D46DE8}") = "Infra.Bus", "Infra.Bus", "{96D388E0-B9A3-41E6-9917-24671AAAFE1A}"
EndProject
Project("{2150E333-8FDC-42A3-9474-1A3956D46DE8}") = "Infra.IOC", "Infra.IOC", "{5C925C77-09AE-43F2-BDE1-8FA2713F4C62}"
EndProject
Project("{2150E333-8FDC-42A3-9474-1A3956D46DE8}") = "Presentation", "Presentation", "{21628F78-3FDC-4559-91A8-1343EC52FCBE}"
EndProject
Project("{FAE04EC0-301F-11D3-BF4B-00C04F79EFBC}") = "MicroRabbit.Domain.Core", "MicroRabbit.Domain.Core\MicroRabbit.Domain.Core.csproj", "{29034295-C4C3-448E-BBE4-A74941C363F9}"
EndProject
Project("{FAE04EC0-301F-11D3-BF4B-00C04F79EFBC}") = "MicroRabbit.Infra.Bus", "MicroRabbit.Infra.Bus\MicroRabbit.Infra.Bus.csproj", "{42A27F71-23AC-44A4-A1DA-BE7C2DA009B5}"
EndProject
Project("{FAE04EC0-301F-11D3-BF4B-00C04F79EFBC}") = "MicroRabbit.Infra.IoC", "MicroRabbit.Infra.IoC\MicroRabbit.Infra.IoC.csproj", "{A2BBE68C-1B18-4E40-93C5-3A54105744C1}"
EndProject
Global
	GlobalSection(SolutionConfigurationPlatforms) = preSolution
		Debug|Any CPU = Debug|Any CPU
		Release|Any CPU = Release|Any CPU
	EndGlobalSection
	GlobalSection(ProjectConfigurationPlatforms) = postSolution
		{29034295-C4C3-448E-BBE4-A74941C363F9}.Debug|Any CPU.ActiveCfg = Debug|Any CPU
		{29034295-C4C3-448E-BBE4-A74941C363F9}.Debug|Any CPU.Build.0 = Debug|Any CPU
		{29034295-C4C3-448E-BBE4-A74941C363F9}.Release|Any CPU.ActiveCfg = Release|Any CPU
		{29034295-C4C3-448E-BBE4-A74941C363F9}.Release|Any CPU.Build.0 = Release|Any CPU
		{42A27F71-23AC-44A4-A1DA-BE7C2DA009B5}.Debug|Any CPU.ActiveCfg = Debug|Any CPU
		{42A27F71-23AC-44A4-A1DA-BE7C2DA009B5}.Debug|Any CPU.Build.0 = Debug|Any CPU
		{42A27F71-23AC-44A4-A1DA-BE7C2DA009B5}.Release|Any CPU.ActiveCfg = Release|Any CPU
		{42A27F71-23AC-44A4-A1DA-BE7C2DA009B5}.Release|Any CPU.Build.0 = Release|Any CPU
		{A2BBE68C-1B18-4E40-93C5-3A54105744C1}.Debug|Any CPU.ActiveCfg = Debug|Any CPU
		{A2BBE68C-1B18-4E40-93C5-3A54105744C1}.Debug|Any CPU.Build.0 = Debug|Any CPU
		{A2BBE68C-1B18-4E40-93C5-3A54105744C1}.Release|Any CPU.ActiveCfg = Release|Any CPU
		{A2BBE68C-1B18-4E40-93C5-3A54105744C1}.Release|Any CPU.Build.0 = Release|Any CPU
	EndGlobalSection
	GlobalSection(SolutionProperties) = preSolution
		HideSolutionNode = FALSE
	EndGlobalSection
	GlobalSection(NestedProjects) = preSolution
		{29034295-C4C3-448E-BBE4-A74941C363F9} = {79694CCA-D37C-40CD-82CC-DE8EF91B8F0F}
		{42A27F71-23AC-44A4-A1DA-BE7C2DA009B5} = {96D388E0-B9A3-41E6-9917-24671AAAFE1A}
		{A2BBE68C-1B18-4E40-93C5-3A54105744C1} = {5C925C77-09AE-43F2-BDE1-8FA2713F4C62}
	EndGlobalSection
	GlobalSection(ExtensibilityGlobals) = postSolution
		SolutionGuid = {BCB58BED-8988-4CAE-B074-2AA797CC9E06}
	EndGlobalSection
EndGlobal
